// !$*UTF8*$!
{
	archiveVersion = 1;
	classes = {
	};
	objectVersion = 56;
	objects = {

/* Begin PBXBuildFile section */
		991AA3172ADA9BA40012B075 /* DashboardView.swift in Sources */ = {isa = PBXBuildFile; fileRef = 991AA3162ADA9BA40012B075 /* DashboardView.swift */; };
		991AA3192ADAA6940012B075 /* PieChartView.swift in Sources */ = {isa = PBXBuildFile; fileRef = 991AA3182ADAA6940012B075 /* PieChartView.swift */; };
		991AA31B2ADACA900012B075 /* CategoryBudgetSettingView.swift in Sources */ = {isa = PBXBuildFile; fileRef = 991AA31A2ADACA900012B075 /* CategoryBudgetSettingView.swift */; };
		996DE0D12ADC02F70049812C /* ExpenseCategoryPredictor.mlmodel in Sources */ = {isa = PBXBuildFile; fileRef = 996DE0D02ADC02F70049812C /* ExpenseCategoryPredictor.mlmodel */; };
		996DE0D32ADC03650049812C /* TextClassifier.swift in Sources */ = {isa = PBXBuildFile; fileRef = 996DE0D22ADC03650049812C /* TextClassifier.swift */; };
		998CCA292ADB82DC0027BA0F /* ExpenseTrack.xcdatamodeld in Resources */ = {isa = PBXBuildFile; fileRef = 998CCA252ADB7D4E0027BA0F /* ExpenseTrack.xcdatamodeld */; };
		998CCA2E2ADBB0340027BA0F /* Expense+CoreDataClass.swift in Sources */ = {isa = PBXBuildFile; fileRef = 998CCA2C2ADBB0340027BA0F /* Expense+CoreDataClass.swift */; };
		998CCA2F2ADBB0340027BA0F /* Expense+CoreDataProperties.swift in Sources */ = {isa = PBXBuildFile; fileRef = 998CCA2D2ADBB0340027BA0F /* Expense+CoreDataProperties.swift */; };
		998CCA312ADBCAB20027BA0F /* Budget.swift in Sources */ = {isa = PBXBuildFile; fileRef = 998CCA302ADBCAB20027BA0F /* Budget.swift */; };
		998CCA332ADBEC370027BA0F /* UIKitSlider.swift in Sources */ = {isa = PBXBuildFile; fileRef = 998CCA322ADBEC370027BA0F /* UIKitSlider.swift */; };
		998CCA352ADBEC9B0027BA0F /* ContentViewModel.swift in Sources */ = {isa = PBXBuildFile; fileRef = 998CCA342ADBEC9B0027BA0F /* ContentViewModel.swift */; };
		998CCA3D2ADBED5D0027BA0F /* WidgetKit.framework in Frameworks */ = {isa = PBXBuildFile; fileRef = 998CCA3C2ADBED5D0027BA0F /* WidgetKit.framework */; };
		998CCA3F2ADBED5D0027BA0F /* SwiftUI.framework in Frameworks */ = {isa = PBXBuildFile; fileRef = 998CCA3E2ADBED5D0027BA0F /* SwiftUI.framework */; };
		998CCA422ADBED5D0027BA0F /* ExpenseSummaryWidgetBundle.swift in Sources */ = {isa = PBXBuildFile; fileRef = 998CCA412ADBED5D0027BA0F /* ExpenseSummaryWidgetBundle.swift */; };
		998CCA442ADBED5D0027BA0F /* ExpenseSummaryWidgetLiveActivity.swift in Sources */ = {isa = PBXBuildFile; fileRef = 998CCA432ADBED5D0027BA0F /* ExpenseSummaryWidgetLiveActivity.swift */; };
		998CCA462ADBED5D0027BA0F /* ExpenseSummaryWidget.swift in Sources */ = {isa = PBXBuildFile; fileRef = 998CCA452ADBED5D0027BA0F /* ExpenseSummaryWidget.swift */; };
		998CCA482ADBED5D0027BA0F /* AppIntent.swift in Sources */ = {isa = PBXBuildFile; fileRef = 998CCA472ADBED5D0027BA0F /* AppIntent.swift */; };
		998CCA4A2ADBED5F0027BA0F /* Assets.xcassets in Resources */ = {isa = PBXBuildFile; fileRef = 998CCA492ADBED5F0027BA0F /* Assets.xcassets */; };
		998CCA4E2ADBED5F0027BA0F /* ExpenseSummaryWidgetExtension.appex in Embed Foundation Extensions */ = {isa = PBXBuildFile; fileRef = 998CCA3A2ADBED5D0027BA0F /* ExpenseSummaryWidgetExtension.appex */; settings = {ATTRIBUTES = (RemoveHeadersOnCopy, ); }; };
		9992C7B12ADB4AAA00A73335 /* ReminderView.swift in Sources */ = {isa = PBXBuildFile; fileRef = 9992C7B02ADB4AAA00A73335 /* ReminderView.swift */; };
		9992C7B62ADB56B900A73335 /* CoreDataStack.swift in Sources */ = {isa = PBXBuildFile; fileRef = 9992C7B52ADB56B900A73335 /* CoreDataStack.swift */; };
		99FBE2A42A9CADEB001F012E /* ExpenseTrackApp.swift in Sources */ = {isa = PBXBuildFile; fileRef = 99FBE2A32A9CADEB001F012E /* ExpenseTrackApp.swift */; };
		99FBE2A62A9CADEB001F012E /* ContentView.swift in Sources */ = {isa = PBXBuildFile; fileRef = 99FBE2A52A9CADEB001F012E /* ContentView.swift */; };
		99FBE2A82A9CADED001F012E /* Assets.xcassets in Resources */ = {isa = PBXBuildFile; fileRef = 99FBE2A72A9CADED001F012E /* Assets.xcassets */; };
		99FBE2AB2A9CADED001F012E /* Preview Assets.xcassets in Resources */ = {isa = PBXBuildFile; fileRef = 99FBE2AA2A9CADED001F012E /* Preview Assets.xcassets */; };
		99FBE2B52A9CADED001F012E /* ExpenseTrackTests.swift in Sources */ = {isa = PBXBuildFile; fileRef = 99FBE2B42A9CADED001F012E /* ExpenseTrackTests.swift */; };
		99FBE2BF2A9CADED001F012E /* ExpenseTrackUITests.swift in Sources */ = {isa = PBXBuildFile; fileRef = 99FBE2BE2A9CADED001F012E /* ExpenseTrackUITests.swift */; };
		99FBE2C12A9CADED001F012E /* ExpenseTrackUITestsLaunchTests.swift in Sources */ = {isa = PBXBuildFile; fileRef = 99FBE2C02A9CADED001F012E /* ExpenseTrackUITestsLaunchTests.swift */; };
		99FBE2CE2A9CAEC8001F012E /* ExpenseEntryView.swift in Sources */ = {isa = PBXBuildFile; fileRef = 99FBE2CD2A9CAEC8001F012E /* ExpenseEntryView.swift */; };
		99FBE2D02A9CAEE3001F012E /* CategoryManangementView.swift in Sources */ = {isa = PBXBuildFile; fileRef = 99FBE2CF2A9CAEE3001F012E /* CategoryManangementView.swift */; };
		99FBE2D22A9CAEFA001F012E /* BudgetTrackingView.swift in Sources */ = {isa = PBXBuildFile; fileRef = 99FBE2D12A9CAEFA001F012E /* BudgetTrackingView.swift */; };
		99FBE2D42A9CAF03001F012E /* ReportGenerationView.swift in Sources */ = {isa = PBXBuildFile; fileRef = 99FBE2D32A9CAF03001F012E /* ReportGenerationView.swift */; };
		99FBE2D62A9CB178001F012E /* HomeView.swift in Sources */ = {isa = PBXBuildFile; fileRef = 99FBE2D52A9CB178001F012E /* HomeView.swift */; };
		99FBE2D82A9CB656001F012E /* ExpenseManager.swift in Sources */ = {isa = PBXBuildFile; fileRef = 99FBE2D72A9CB656001F012E /* ExpenseManager.swift */; };
		99FBE2DA2A9CB790001F012E /* ExpenseRowView.swift in Sources */ = {isa = PBXBuildFile; fileRef = 99FBE2D92A9CB790001F012E /* ExpenseRowView.swift */; };
		99FBE2DE2A9CB7D7001F012E /* SceneDelegate.swift in Sources */ = {isa = PBXBuildFile; fileRef = 99FBE2DD2A9CB7D7001F012E /* SceneDelegate.swift */; };
/* End PBXBuildFile section */

/* Begin PBXContainerItemProxy section */
		998CCA4C2ADBED5F0027BA0F /* PBXContainerItemProxy */ = {
			isa = PBXContainerItemProxy;
			containerPortal = 99FBE2982A9CADEB001F012E /* Project object */;
			proxyType = 1;
			remoteGlobalIDString = 998CCA392ADBED5D0027BA0F;
			remoteInfo = ExpenseSummaryWidgetExtension;
		};
		99FBE2B12A9CADED001F012E /* PBXContainerItemProxy */ = {
			isa = PBXContainerItemProxy;
			containerPortal = 99FBE2982A9CADEB001F012E /* Project object */;
			proxyType = 1;
			remoteGlobalIDString = 99FBE29F2A9CADEB001F012E;
			remoteInfo = ExpenseTrack;
		};
		99FBE2BB2A9CADED001F012E /* PBXContainerItemProxy */ = {
			isa = PBXContainerItemProxy;
			containerPortal = 99FBE2982A9CADEB001F012E /* Project object */;
			proxyType = 1;
			remoteGlobalIDString = 99FBE29F2A9CADEB001F012E;
			remoteInfo = ExpenseTrack;
		};
/* End PBXContainerItemProxy section */

/* Begin PBXCopyFilesBuildPhase section */
		998CCA522ADBED5F0027BA0F /* Embed Foundation Extensions */ = {
			isa = PBXCopyFilesBuildPhase;
			buildActionMask = 2147483647;
			dstPath = "";
			dstSubfolderSpec = 13;
			files = (
				998CCA4E2ADBED5F0027BA0F /* ExpenseSummaryWidgetExtension.appex in Embed Foundation Extensions */,
			);
			name = "Embed Foundation Extensions";
			runOnlyForDeploymentPostprocessing = 0;
		};
/* End PBXCopyFilesBuildPhase section */

/* Begin PBXFileReference section */
		991AA3162ADA9BA40012B075 /* DashboardView.swift */ = {isa = PBXFileReference; lastKnownFileType = sourcecode.swift; path = DashboardView.swift; sourceTree = "<group>"; };
		991AA3182ADAA6940012B075 /* PieChartView.swift */ = {isa = PBXFileReference; lastKnownFileType = sourcecode.swift; path = PieChartView.swift; sourceTree = "<group>"; };
		991AA31A2ADACA900012B075 /* CategoryBudgetSettingView.swift */ = {isa = PBXFileReference; lastKnownFileType = sourcecode.swift; path = CategoryBudgetSettingView.swift; sourceTree = "<group>"; };
		996DE0D02ADC02F70049812C /* ExpenseCategoryPredictor.mlmodel */ = {isa = PBXFileReference; lastKnownFileType = file.mlmodel; path = ExpenseCategoryPredictor.mlmodel; sourceTree = "<group>"; };
		996DE0D22ADC03650049812C /* TextClassifier.swift */ = {isa = PBXFileReference; lastKnownFileType = sourcecode.swift; path = TextClassifier.swift; sourceTree = "<group>"; };
		998CCA262ADB7D4E0027BA0F /* ExpenseTrack.xcdatamodel */ = {isa = PBXFileReference; lastKnownFileType = wrapper.xcdatamodel; path = ExpenseTrack.xcdatamodel; sourceTree = "<group>"; };
		998CCA2C2ADBB0340027BA0F /* Expense+CoreDataClass.swift */ = {isa = PBXFileReference; lastKnownFileType = sourcecode.swift; path = "Expense+CoreDataClass.swift"; sourceTree = "<group>"; };
		998CCA2D2ADBB0340027BA0F /* Expense+CoreDataProperties.swift */ = {isa = PBXFileReference; lastKnownFileType = sourcecode.swift; path = "Expense+CoreDataProperties.swift"; sourceTree = "<group>"; };
		998CCA302ADBCAB20027BA0F /* Budget.swift */ = {isa = PBXFileReference; lastKnownFileType = sourcecode.swift; path = Budget.swift; sourceTree = "<group>"; };
		998CCA322ADBEC370027BA0F /* UIKitSlider.swift */ = {isa = PBXFileReference; lastKnownFileType = sourcecode.swift; path = UIKitSlider.swift; sourceTree = "<group>"; };
		998CCA342ADBEC9B0027BA0F /* ContentViewModel.swift */ = {isa = PBXFileReference; lastKnownFileType = sourcecode.swift; path = ContentViewModel.swift; sourceTree = "<group>"; };
		998CCA3A2ADBED5D0027BA0F /* ExpenseSummaryWidgetExtension.appex */ = {isa = PBXFileReference; explicitFileType = "wrapper.app-extension"; includeInIndex = 0; path = ExpenseSummaryWidgetExtension.appex; sourceTree = BUILT_PRODUCTS_DIR; };
		998CCA3C2ADBED5D0027BA0F /* WidgetKit.framework */ = {isa = PBXFileReference; lastKnownFileType = wrapper.framework; name = WidgetKit.framework; path = System/Library/Frameworks/WidgetKit.framework; sourceTree = SDKROOT; };
		998CCA3E2ADBED5D0027BA0F /* SwiftUI.framework */ = {isa = PBXFileReference; lastKnownFileType = wrapper.framework; name = SwiftUI.framework; path = System/Library/Frameworks/SwiftUI.framework; sourceTree = SDKROOT; };
		998CCA412ADBED5D0027BA0F /* ExpenseSummaryWidgetBundle.swift */ = {isa = PBXFileReference; lastKnownFileType = sourcecode.swift; path = ExpenseSummaryWidgetBundle.swift; sourceTree = "<group>"; };
		998CCA432ADBED5D0027BA0F /* ExpenseSummaryWidgetLiveActivity.swift */ = {isa = PBXFileReference; lastKnownFileType = sourcecode.swift; path = ExpenseSummaryWidgetLiveActivity.swift; sourceTree = "<group>"; };
		998CCA452ADBED5D0027BA0F /* ExpenseSummaryWidget.swift */ = {isa = PBXFileReference; lastKnownFileType = sourcecode.swift; path = ExpenseSummaryWidget.swift; sourceTree = "<group>"; };
		998CCA472ADBED5D0027BA0F /* AppIntent.swift */ = {isa = PBXFileReference; lastKnownFileType = sourcecode.swift; path = AppIntent.swift; sourceTree = "<group>"; };
		998CCA492ADBED5F0027BA0F /* Assets.xcassets */ = {isa = PBXFileReference; lastKnownFileType = folder.assetcatalog; path = Assets.xcassets; sourceTree = "<group>"; };
		998CCA4B2ADBED5F0027BA0F /* Info.plist */ = {isa = PBXFileReference; lastKnownFileType = text.plist.xml; path = Info.plist; sourceTree = "<group>"; };
		9992C7B02ADB4AAA00A73335 /* ReminderView.swift */ = {isa = PBXFileReference; lastKnownFileType = sourcecode.swift; path = ReminderView.swift; sourceTree = "<group>"; };
		9992C7B52ADB56B900A73335 /* CoreDataStack.swift */ = {isa = PBXFileReference; lastKnownFileType = sourcecode.swift; path = CoreDataStack.swift; sourceTree = "<group>"; };
		99FBE2A02A9CADEB001F012E /* ExpenseTrack.app */ = {isa = PBXFileReference; explicitFileType = wrapper.application; includeInIndex = 0; path = ExpenseTrack.app; sourceTree = BUILT_PRODUCTS_DIR; };
		99FBE2A32A9CADEB001F012E /* ExpenseTrackApp.swift */ = {isa = PBXFileReference; lastKnownFileType = sourcecode.swift; path = ExpenseTrackApp.swift; sourceTree = "<group>"; };
		99FBE2A52A9CADEB001F012E /* ContentView.swift */ = {isa = PBXFileReference; lastKnownFileType = sourcecode.swift; path = ContentView.swift; sourceTree = "<group>"; };
		99FBE2A72A9CADED001F012E /* Assets.xcassets */ = {isa = PBXFileReference; lastKnownFileType = folder.assetcatalog; path = Assets.xcassets; sourceTree = "<group>"; };
		99FBE2AA2A9CADED001F012E /* Preview Assets.xcassets */ = {isa = PBXFileReference; lastKnownFileType = folder.assetcatalog; path = "Preview Assets.xcassets"; sourceTree = "<group>"; };
		99FBE2B02A9CADED001F012E /* ExpenseTrackTests.xctest */ = {isa = PBXFileReference; explicitFileType = wrapper.cfbundle; includeInIndex = 0; path = ExpenseTrackTests.xctest; sourceTree = BUILT_PRODUCTS_DIR; };
		99FBE2B42A9CADED001F012E /* ExpenseTrackTests.swift */ = {isa = PBXFileReference; lastKnownFileType = sourcecode.swift; path = ExpenseTrackTests.swift; sourceTree = "<group>"; };
		99FBE2BA2A9CADED001F012E /* ExpenseTrackUITests.xctest */ = {isa = PBXFileReference; explicitFileType = wrapper.cfbundle; includeInIndex = 0; path = ExpenseTrackUITests.xctest; sourceTree = BUILT_PRODUCTS_DIR; };
		99FBE2BE2A9CADED001F012E /* ExpenseTrackUITests.swift */ = {isa = PBXFileReference; lastKnownFileType = sourcecode.swift; path = ExpenseTrackUITests.swift; sourceTree = "<group>"; };
		99FBE2C02A9CADED001F012E /* ExpenseTrackUITestsLaunchTests.swift */ = {isa = PBXFileReference; lastKnownFileType = sourcecode.swift; path = ExpenseTrackUITestsLaunchTests.swift; sourceTree = "<group>"; };
		99FBE2CD2A9CAEC8001F012E /* ExpenseEntryView.swift */ = {isa = PBXFileReference; lastKnownFileType = sourcecode.swift; path = ExpenseEntryView.swift; sourceTree = "<group>"; };
		99FBE2CF2A9CAEE3001F012E /* CategoryManangementView.swift */ = {isa = PBXFileReference; lastKnownFileType = sourcecode.swift; path = CategoryManangementView.swift; sourceTree = "<group>"; };
		99FBE2D12A9CAEFA001F012E /* BudgetTrackingView.swift */ = {isa = PBXFileReference; lastKnownFileType = sourcecode.swift; path = BudgetTrackingView.swift; sourceTree = "<group>"; };
		99FBE2D32A9CAF03001F012E /* ReportGenerationView.swift */ = {isa = PBXFileReference; lastKnownFileType = sourcecode.swift; path = ReportGenerationView.swift; sourceTree = "<group>"; };
		99FBE2D52A9CB178001F012E /* HomeView.swift */ = {isa = PBXFileReference; lastKnownFileType = sourcecode.swift; path = HomeView.swift; sourceTree = "<group>"; };
		99FBE2D72A9CB656001F012E /* ExpenseManager.swift */ = {isa = PBXFileReference; lastKnownFileType = sourcecode.swift; path = ExpenseManager.swift; sourceTree = "<group>"; };
		99FBE2D92A9CB790001F012E /* ExpenseRowView.swift */ = {isa = PBXFileReference; lastKnownFileType = sourcecode.swift; path = ExpenseRowView.swift; sourceTree = "<group>"; };
		99FBE2DD2A9CB7D7001F012E /* SceneDelegate.swift */ = {isa = PBXFileReference; lastKnownFileType = sourcecode.swift; path = SceneDelegate.swift; sourceTree = "<group>"; };
/* End PBXFileReference section */

/* Begin PBXFrameworksBuildPhase section */
		998CCA372ADBED5D0027BA0F /* Frameworks */ = {
			isa = PBXFrameworksBuildPhase;
			buildActionMask = 2147483647;
			files = (
				998CCA3F2ADBED5D0027BA0F /* SwiftUI.framework in Frameworks */,
				998CCA3D2ADBED5D0027BA0F /* WidgetKit.framework in Frameworks */,
			);
			runOnlyForDeploymentPostprocessing = 0;
		};
		99FBE29D2A9CADEB001F012E /* Frameworks */ = {
			isa = PBXFrameworksBuildPhase;
			buildActionMask = 2147483647;
			files = (
			);
			runOnlyForDeploymentPostprocessing = 0;
		};
		99FBE2AD2A9CADED001F012E /* Frameworks */ = {
			isa = PBXFrameworksBuildPhase;
			buildActionMask = 2147483647;
			files = (
			);
			runOnlyForDeploymentPostprocessing = 0;
		};
		99FBE2B72A9CADED001F012E /* Frameworks */ = {
			isa = PBXFrameworksBuildPhase;
			buildActionMask = 2147483647;
			files = (
			);
			runOnlyForDeploymentPostprocessing = 0;
		};
/* End PBXFrameworksBuildPhase section */

/* Begin PBXGroup section */
		998CCA3B2ADBED5D0027BA0F /* Frameworks */ = {
			isa = PBXGroup;
			children = (
				998CCA3C2ADBED5D0027BA0F /* WidgetKit.framework */,
				998CCA3E2ADBED5D0027BA0F /* SwiftUI.framework */,
			);
			name = Frameworks;
			sourceTree = "<group>";
		};
		998CCA402ADBED5D0027BA0F /* Widget */ = {
			isa = PBXGroup;
			children = (
				998CCA412ADBED5D0027BA0F /* ExpenseSummaryWidgetBundle.swift */,
				998CCA432ADBED5D0027BA0F /* ExpenseSummaryWidgetLiveActivity.swift */,
				998CCA452ADBED5D0027BA0F /* ExpenseSummaryWidget.swift */,
				998CCA472ADBED5D0027BA0F /* AppIntent.swift */,
				998CCA492ADBED5F0027BA0F /* Assets.xcassets */,
				998CCA4B2ADBED5F0027BA0F /* Info.plist */,
			);
			path = Widget;
			sourceTree = "<group>";
		};
		99EB92442ADD198E0068F638 /* Model */ = {
			isa = PBXGroup;
			children = (
				998CCA2C2ADBB0340027BA0F /* Expense+CoreDataClass.swift */,
				998CCA2D2ADBB0340027BA0F /* Expense+CoreDataProperties.swift */,
				9992C7B52ADB56B900A73335 /* CoreDataStack.swift */,
				998CCA302ADBCAB20027BA0F /* Budget.swift */,
			);
			path = Model;
			sourceTree = "<group>";
		};
		99EB92452ADD19C40068F638 /* View */ = {
			isa = PBXGroup;
			children = (
				99FBE2D12A9CAEFA001F012E /* BudgetTrackingView.swift */,
				991AA31A2ADACA900012B075 /* CategoryBudgetSettingView.swift */,
				99FBE2CF2A9CAEE3001F012E /* CategoryManangementView.swift */,
				991AA3162ADA9BA40012B075 /* DashboardView.swift */,
				99FBE2CD2A9CAEC8001F012E /* ExpenseEntryView.swift */,
				99FBE2D92A9CB790001F012E /* ExpenseRowView.swift */,
				99FBE2D52A9CB178001F012E /* HomeView.swift */,
				991AA3182ADAA6940012B075 /* PieChartView.swift */,
				9992C7B02ADB4AAA00A73335 /* ReminderView.swift */,
				99FBE2A52A9CADEB001F012E /* ContentView.swift */,
				99FBE2D32A9CAF03001F012E /* ReportGenerationView.swift */,
			);
			path = View;
			sourceTree = "<group>";
		};
		99EB92462ADD1A270068F638 /* ViewModel */ = {
			isa = PBXGroup;
			children = (
				998CCA342ADBEC9B0027BA0F /* ContentViewModel.swift */,
				99FBE2A32A9CADEB001F012E /* ExpenseTrackApp.swift */,
			);
			path = ViewModel;
			sourceTree = "<group>";
		};
		99FBE2972A9CADEB001F012E = {
			isa = PBXGroup;
			children = (
				998CCA252ADB7D4E0027BA0F /* ExpenseTrack.xcdatamodeld */,
				99FBE2A22A9CADEB001F012E /* ExpenseTrack */,
				99FBE2B32A9CADED001F012E /* Unit Test */,
				99FBE2BD2A9CADED001F012E /* ExpenseTrackUITests */,
				998CCA402ADBED5D0027BA0F /* Widget */,
				998CCA3B2ADBED5D0027BA0F /* Frameworks */,
				99FBE2A12A9CADEB001F012E /* Products */,
			);
			sourceTree = "<group>";
		};
		99FBE2A12A9CADEB001F012E /* Products */ = {
			isa = PBXGroup;
			children = (
				99FBE2A02A9CADEB001F012E /* ExpenseTrack.app */,
				99FBE2B02A9CADED001F012E /* ExpenseTrackTests.xctest */,
				99FBE2BA2A9CADED001F012E /* ExpenseTrackUITests.xctest */,
				998CCA3A2ADBED5D0027BA0F /* ExpenseSummaryWidgetExtension.appex */,
			);
			name = Products;
			sourceTree = "<group>";
		};
		99FBE2A22A9CADEB001F012E /* ExpenseTrack */ = {
			isa = PBXGroup;
			children = (
				99EB92442ADD198E0068F638 /* Model */,
				99EB92452ADD19C40068F638 /* View */,
				99EB92462ADD1A270068F638 /* ViewModel */,
				99FBE2D72A9CB656001F012E /* ExpenseManager.swift */,
				99FBE2DD2A9CB7D7001F012E /* SceneDelegate.swift */,
				998CCA322ADBEC370027BA0F /* UIKitSlider.swift */,
				996DE0D02ADC02F70049812C /* ExpenseCategoryPredictor.mlmodel */,
				996DE0D22ADC03650049812C /* TextClassifier.swift */,
				99FBE2A72A9CADED001F012E /* Assets.xcassets */,
				99FBE2A92A9CADED001F012E /* Preview Content */,
			);
			path = ExpenseTrack;
			sourceTree = "<group>";
		};
		99FBE2A92A9CADED001F012E /* Preview Content */ = {
			isa = PBXGroup;
			children = (
				99FBE2AA2A9CADED001F012E /* Preview Assets.xcassets */,
			);
			path = "Preview Content";
			sourceTree = "<group>";
		};
		99FBE2B32A9CADED001F012E /* Unit Test */ = {
			isa = PBXGroup;
			children = (
				99FBE2B42A9CADED001F012E /* ExpenseTrackTests.swift */,
			);
			path = "Unit Test";
			sourceTree = "<group>";
		};
		99FBE2BD2A9CADED001F012E /* ExpenseTrackUITests */ = {
			isa = PBXGroup;
			children = (
				99FBE2BE2A9CADED001F012E /* ExpenseTrackUITests.swift */,
				99FBE2C02A9CADED001F012E /* ExpenseTrackUITestsLaunchTests.swift */,
			);
			path = ExpenseTrackUITests;
			sourceTree = "<group>";
		};
/* End PBXGroup section */

/* Begin PBXNativeTarget section */
		998CCA392ADBED5D0027BA0F /* ExpenseSummaryWidgetExtension */ = {
			isa = PBXNativeTarget;
			buildConfigurationList = 998CCA4F2ADBED5F0027BA0F /* Build configuration list for PBXNativeTarget "ExpenseSummaryWidgetExtension" */;
			buildPhases = (
				998CCA362ADBED5D0027BA0F /* Sources */,
				998CCA372ADBED5D0027BA0F /* Frameworks */,
				998CCA382ADBED5D0027BA0F /* Resources */,
			);
			buildRules = (
			);
			dependencies = (
			);
			name = ExpenseSummaryWidgetExtension;
			productName = ExpenseSummaryWidgetExtension;
			productReference = 998CCA3A2ADBED5D0027BA0F /* ExpenseSummaryWidgetExtension.appex */;
			productType = "com.apple.product-type.app-extension";
		};
		99FBE29F2A9CADEB001F012E /* ExpenseTrack */ = {
			isa = PBXNativeTarget;
			buildConfigurationList = 99FBE2C42A9CADED001F012E /* Build configuration list for PBXNativeTarget "ExpenseTrack" */;
			buildPhases = (
				99FBE29C2A9CADEB001F012E /* Sources */,
				99FBE29D2A9CADEB001F012E /* Frameworks */,
				99FBE29E2A9CADEB001F012E /* Resources */,
				998CCA522ADBED5F0027BA0F /* Embed Foundation Extensions */,
			);
			buildRules = (
			);
			dependencies = (
				998CCA4D2ADBED5F0027BA0F /* PBXTargetDependency */,
			);
			name = ExpenseTrack;
			productName = ExpenseTrack;
			productReference = 99FBE2A02A9CADEB001F012E /* ExpenseTrack.app */;
			productType = "com.apple.product-type.application";
		};
		99FBE2AF2A9CADED001F012E /* ExpenseTrackTests */ = {
			isa = PBXNativeTarget;
			buildConfigurationList = 99FBE2C72A9CADED001F012E /* Build configuration list for PBXNativeTarget "ExpenseTrackTests" */;
			buildPhases = (
				99FBE2AC2A9CADED001F012E /* Sources */,
				99FBE2AD2A9CADED001F012E /* Frameworks */,
				99FBE2AE2A9CADED001F012E /* Resources */,
			);
			buildRules = (
			);
			dependencies = (
				99FBE2B22A9CADED001F012E /* PBXTargetDependency */,
			);
			name = ExpenseTrackTests;
			productName = ExpenseTrackTests;
			productReference = 99FBE2B02A9CADED001F012E /* ExpenseTrackTests.xctest */;
			productType = "com.apple.product-type.bundle.unit-test";
		};
		99FBE2B92A9CADED001F012E /* ExpenseTrackUITests */ = {
			isa = PBXNativeTarget;
			buildConfigurationList = 99FBE2CA2A9CADED001F012E /* Build configuration list for PBXNativeTarget "ExpenseTrackUITests" */;
			buildPhases = (
				99FBE2B62A9CADED001F012E /* Sources */,
				99FBE2B72A9CADED001F012E /* Frameworks */,
				99FBE2B82A9CADED001F012E /* Resources */,
			);
			buildRules = (
			);
			dependencies = (
				99FBE2BC2A9CADED001F012E /* PBXTargetDependency */,
			);
			name = ExpenseTrackUITests;
			productName = ExpenseTrackUITests;
			productReference = 99FBE2BA2A9CADED001F012E /* ExpenseTrackUITests.xctest */;
			productType = "com.apple.product-type.bundle.ui-testing";
		};
/* End PBXNativeTarget section */

/* Begin PBXProject section */
		99FBE2982A9CADEB001F012E /* Project object */ = {
			isa = PBXProject;
			attributes = {
				BuildIndependentTargetsInParallel = 1;
				LastSwiftUpdateCheck = 1500;
				LastUpgradeCheck = 1500;
				TargetAttributes = {
					998CCA392ADBED5D0027BA0F = {
						CreatedOnToolsVersion = 15.0;
					};
					99FBE29F2A9CADEB001F012E = {
						CreatedOnToolsVersion = 14.3.1;
					};
					99FBE2AF2A9CADED001F012E = {
						CreatedOnToolsVersion = 14.3.1;
						TestTargetID = 99FBE29F2A9CADEB001F012E;
					};
					99FBE2B92A9CADED001F012E = {
						CreatedOnToolsVersion = 14.3.1;
						TestTargetID = 99FBE29F2A9CADEB001F012E;
					};
				};
			};
			buildConfigurationList = 99FBE29B2A9CADEB001F012E /* Build configuration list for PBXProject "ExpenseTrack" */;
			compatibilityVersion = "Xcode 14.0";
			developmentRegion = en;
			hasScannedForEncodings = 0;
			knownRegions = (
				en,
				Base,
			);
			mainGroup = 99FBE2972A9CADEB001F012E;
			productRefGroup = 99FBE2A12A9CADEB001F012E /* Products */;
			projectDirPath = "";
			projectRoot = "";
			targets = (
				99FBE29F2A9CADEB001F012E /* ExpenseTrack */,
				99FBE2AF2A9CADED001F012E /* ExpenseTrackTests */,
				99FBE2B92A9CADED001F012E /* ExpenseTrackUITests */,
				998CCA392ADBED5D0027BA0F /* ExpenseSummaryWidgetExtension */,
			);
		};
/* End PBXProject section */

/* Begin PBXResourcesBuildPhase section */
		998CCA382ADBED5D0027BA0F /* Resources */ = {
			isa = PBXResourcesBuildPhase;
			buildActionMask = 2147483647;
			files = (
				998CCA4A2ADBED5F0027BA0F /* Assets.xcassets in Resources */,
			);
			runOnlyForDeploymentPostprocessing = 0;
		};
		99FBE29E2A9CADEB001F012E /* Resources */ = {
			isa = PBXResourcesBuildPhase;
			buildActionMask = 2147483647;
			files = (
				998CCA292ADB82DC0027BA0F /* ExpenseTrack.xcdatamodeld in Resources */,
				99FBE2AB2A9CADED001F012E /* Preview Assets.xcassets in Resources */,
				99FBE2A82A9CADED001F012E /* Assets.xcassets in Resources */,
			);
			runOnlyForDeploymentPostprocessing = 0;
		};
		99FBE2AE2A9CADED001F012E /* Resources */ = {
			isa = PBXResourcesBuildPhase;
			buildActionMask = 2147483647;
			files = (
			);
			runOnlyForDeploymentPostprocessing = 0;
		};
		99FBE2B82A9CADED001F012E /* Resources */ = {
			isa = PBXResourcesBuildPhase;
			buildActionMask = 2147483647;
			files = (
			);
			runOnlyForDeploymentPostprocessing = 0;
		};
/* End PBXResourcesBuildPhase section */

/* Begin PBXSourcesBuildPhase section */
		998CCA362ADBED5D0027BA0F /* Sources */ = {
			isa = PBXSourcesBuildPhase;
			buildActionMask = 2147483647;
			files = (
				998CCA442ADBED5D0027BA0F /* ExpenseSummaryWidgetLiveActivity.swift in Sources */,
				998CCA482ADBED5D0027BA0F /* AppIntent.swift in Sources */,
				998CCA462ADBED5D0027BA0F /* ExpenseSummaryWidget.swift in Sources */,
				998CCA422ADBED5D0027BA0F /* ExpenseSummaryWidgetBundle.swift in Sources */,
			);
			runOnlyForDeploymentPostprocessing = 0;
		};
		99FBE29C2A9CADEB001F012E /* Sources */ = {
			isa = PBXSourcesBuildPhase;
			buildActionMask = 2147483647;
			files = (
				99FBE2D02A9CAEE3001F012E /* CategoryManangementView.swift in Sources */,
				991AA3172ADA9BA40012B075 /* DashboardView.swift in Sources */,
				991AA3192ADAA6940012B075 /* PieChartView.swift in Sources */,
				99FBE2D62A9CB178001F012E /* HomeView.swift in Sources */,
				998CCA352ADBEC9B0027BA0F /* ContentViewModel.swift in Sources */,
				996DE0D12ADC02F70049812C /* ExpenseCategoryPredictor.mlmodel in Sources */,
				991AA31B2ADACA900012B075 /* CategoryBudgetSettingView.swift in Sources */,
				99FBE2D82A9CB656001F012E /* ExpenseManager.swift in Sources */,
				99FBE2A62A9CADEB001F012E /* ContentView.swift in Sources */,
				998CCA2F2ADBB0340027BA0F /* Expense+CoreDataProperties.swift in Sources */,
				998CCA332ADBEC370027BA0F /* UIKitSlider.swift in Sources */,
				99FBE2DA2A9CB790001F012E /* ExpenseRowView.swift in Sources */,
				99FBE2D22A9CAEFA001F012E /* BudgetTrackingView.swift in Sources */,
				996DE0D32ADC03650049812C /* TextClassifier.swift in Sources */,
				998CCA2E2ADBB0340027BA0F /* Expense+CoreDataClass.swift in Sources */,
				99FBE2DE2A9CB7D7001F012E /* SceneDelegate.swift in Sources */,
				9992C7B12ADB4AAA00A73335 /* ReminderView.swift in Sources */,
				9992C7B62ADB56B900A73335 /* CoreDataStack.swift in Sources */,
				998CCA312ADBCAB20027BA0F /* Budget.swift in Sources */,
				99FBE2CE2A9CAEC8001F012E /* ExpenseEntryView.swift in Sources */,
				99FBE2D42A9CAF03001F012E /* ReportGenerationView.swift in Sources */,
				99FBE2A42A9CADEB001F012E /* ExpenseTrackApp.swift in Sources */,
			);
			runOnlyForDeploymentPostprocessing = 0;
		};
		99FBE2AC2A9CADED001F012E /* Sources */ = {
			isa = PBXSourcesBuildPhase;
			buildActionMask = 2147483647;
			files = (
				99FBE2B52A9CADED001F012E /* ExpenseTrackTests.swift in Sources */,
			);
			runOnlyForDeploymentPostprocessing = 0;
		};
		99FBE2B62A9CADED001F012E /* Sources */ = {
			isa = PBXSourcesBuildPhase;
			buildActionMask = 2147483647;
			files = (
				99FBE2BF2A9CADED001F012E /* ExpenseTrackUITests.swift in Sources */,
				99FBE2C12A9CADED001F012E /* ExpenseTrackUITestsLaunchTests.swift in Sources */,
			);
			runOnlyForDeploymentPostprocessing = 0;
		};
/* End PBXSourcesBuildPhase section */

/* Begin PBXTargetDependency section */
		998CCA4D2ADBED5F0027BA0F /* PBXTargetDependency */ = {
			isa = PBXTargetDependency;
			target = 998CCA392ADBED5D0027BA0F /* ExpenseSummaryWidgetExtension */;
			targetProxy = 998CCA4C2ADBED5F0027BA0F /* PBXContainerItemProxy */;
		};
		99FBE2B22A9CADED001F012E /* PBXTargetDependency */ = {
			isa = PBXTargetDependency;
			target = 99FBE29F2A9CADEB001F012E /* ExpenseTrack */;
			targetProxy = 99FBE2B12A9CADED001F012E /* PBXContainerItemProxy */;
		};
		99FBE2BC2A9CADED001F012E /* PBXTargetDependency */ = {
			isa = PBXTargetDependency;
			target = 99FBE29F2A9CADEB001F012E /* ExpenseTrack */;
			targetProxy = 99FBE2BB2A9CADED001F012E /* PBXContainerItemProxy */;
		};
/* End PBXTargetDependency section */

/* Begin XCBuildConfiguration section */
		998CCA502ADBED5F0027BA0F /* Debug */ = {
			isa = XCBuildConfiguration;
			buildSettings = {
				ASSETCATALOG_COMPILER_GENERATE_SWIFT_ASSET_SYMBOL_EXTENSIONS = YES;
				ASSETCATALOG_COMPILER_GLOBAL_ACCENT_COLOR_NAME = AccentColor;
				ASSETCATALOG_COMPILER_WIDGET_BACKGROUND_COLOR_NAME = WidgetBackground;
				CODE_SIGN_STYLE = Automatic;
				CURRENT_PROJECT_VERSION = 1;
				GCC_C_LANGUAGE_STANDARD = gnu17;
				GENERATE_INFOPLIST_FILE = YES;
				INFOPLIST_FILE = ExpenseSummaryWidget/Info.plist;
				INFOPLIST_KEY_CFBundleDisplayName = ExpenseSummaryWidget;
				INFOPLIST_KEY_NSHumanReadableCopyright = "";
				IPHONEOS_DEPLOYMENT_TARGET = 17.0;
				LD_RUNPATH_SEARCH_PATHS = (
					"$(inherited)",
					"@executable_path/Frameworks",
					"@executable_path/../../Frameworks",
				);
				LOCALIZATION_PREFERS_STRING_CATALOGS = YES;
				MARKETING_VERSION = 1.0;
				PRODUCT_BUNDLE_IDENTIFIER = "A1-s3902328.ExpenseTrack.ExpenseSummaryWidget";
				PRODUCT_NAME = "$(TARGET_NAME)";
				SKIP_INSTALL = YES;
				SWIFT_ACTIVE_COMPILATION_CONDITIONS = "DEBUG $(inherited)";
				SWIFT_EMIT_LOC_STRINGS = YES;
				SWIFT_VERSION = 5.0;
				TARGETED_DEVICE_FAMILY = "1,2";
			};
			name = Debug;
		};
		998CCA512ADBED5F0027BA0F /* Release */ = {
			isa = XCBuildConfiguration;
			buildSettings = {
				ASSETCATALOG_COMPILER_GENERATE_SWIFT_ASSET_SYMBOL_EXTENSIONS = YES;
				ASSETCATALOG_COMPILER_GLOBAL_ACCENT_COLOR_NAME = AccentColor;
				ASSETCATALOG_COMPILER_WIDGET_BACKGROUND_COLOR_NAME = WidgetBackground;
				CODE_SIGN_STYLE = Automatic;
				CURRENT_PROJECT_VERSION = 1;
				GCC_C_LANGUAGE_STANDARD = gnu17;
				GENERATE_INFOPLIST_FILE = YES;
				INFOPLIST_FILE = ExpenseSummaryWidget/Info.plist;
				INFOPLIST_KEY_CFBundleDisplayName = ExpenseSummaryWidget;
				INFOPLIST_KEY_NSHumanReadableCopyright = "";
				IPHONEOS_DEPLOYMENT_TARGET = 17.0;
				LD_RUNPATH_SEARCH_PATHS = (
					"$(inherited)",
					"@executable_path/Frameworks",
					"@executable_path/../../Frameworks",
				);
				LOCALIZATION_PREFERS_STRING_CATALOGS = YES;
				MARKETING_VERSION = 1.0;
				PRODUCT_BUNDLE_IDENTIFIER = "A1-s3902328.ExpenseTrack.ExpenseSummaryWidget";
				PRODUCT_NAME = "$(TARGET_NAME)";
				SKIP_INSTALL = YES;
				SWIFT_EMIT_LOC_STRINGS = YES;
				SWIFT_VERSION = 5.0;
				TARGETED_DEVICE_FAMILY = "1,2";
			};
			name = Release;
		};
		99FBE2C22A9CADED001F012E /* Debug */ = {
			isa = XCBuildConfiguration;
			buildSettings = {
				ALWAYS_SEARCH_USER_PATHS = NO;
				CLANG_ANALYZER_NONNULL = YES;
				CLANG_ANALYZER_NUMBER_OBJECT_CONVERSION = YES_AGGRESSIVE;
				CLANG_CXX_LANGUAGE_STANDARD = "gnu++20";
				CLANG_ENABLE_MODULES = YES;
				CLANG_ENABLE_OBJC_ARC = YES;
				CLANG_ENABLE_OBJC_WEAK = YES;
				CLANG_WARN_BLOCK_CAPTURE_AUTORELEASING = YES;
				CLANG_WARN_BOOL_CONVERSION = YES;
				CLANG_WARN_COMMA = YES;
				CLANG_WARN_CONSTANT_CONVERSION = YES;
				CLANG_WARN_DEPRECATED_OBJC_IMPLEMENTATIONS = YES;
				CLANG_WARN_DIRECT_OBJC_ISA_USAGE = YES_ERROR;
				CLANG_WARN_DOCUMENTATION_COMMENTS = YES;
				CLANG_WARN_EMPTY_BODY = YES;
				CLANG_WARN_ENUM_CONVERSION = YES;
				CLANG_WARN_INFINITE_RECURSION = YES;
				CLANG_WARN_INT_CONVERSION = YES;
				CLANG_WARN_NON_LITERAL_NULL_CONVERSION = YES;
				CLANG_WARN_OBJC_IMPLICIT_RETAIN_SELF = YES;
				CLANG_WARN_OBJC_LITERAL_CONVERSION = YES;
				CLANG_WARN_OBJC_ROOT_CLASS = YES_ERROR;
				CLANG_WARN_QUOTED_INCLUDE_IN_FRAMEWORK_HEADER = YES;
				CLANG_WARN_RANGE_LOOP_ANALYSIS = YES;
				CLANG_WARN_STRICT_PROTOTYPES = YES;
				CLANG_WARN_SUSPICIOUS_MOVE = YES;
				CLANG_WARN_UNGUARDED_AVAILABILITY = YES_AGGRESSIVE;
				CLANG_WARN_UNREACHABLE_CODE = YES;
				CLANG_WARN__DUPLICATE_METHOD_MATCH = YES;
				COPY_PHASE_STRIP = NO;
				DEBUG_INFORMATION_FORMAT = dwarf;
				ENABLE_STRICT_OBJC_MSGSEND = YES;
				ENABLE_TESTABILITY = YES;
				ENABLE_USER_SCRIPT_SANDBOXING = YES;
				GCC_C_LANGUAGE_STANDARD = gnu11;
				GCC_DYNAMIC_NO_PIC = NO;
				GCC_NO_COMMON_BLOCKS = YES;
				GCC_OPTIMIZATION_LEVEL = 0;
				GCC_PREPROCESSOR_DEFINITIONS = (
					"DEBUG=1",
					"$(inherited)",
				);
				GCC_WARN_64_TO_32_BIT_CONVERSION = YES;
				GCC_WARN_ABOUT_RETURN_TYPE = YES_ERROR;
				GCC_WARN_UNDECLARED_SELECTOR = YES;
				GCC_WARN_UNINITIALIZED_AUTOS = YES_AGGRESSIVE;
				GCC_WARN_UNUSED_FUNCTION = YES;
				GCC_WARN_UNUSED_VARIABLE = YES;
				IPHONEOS_DEPLOYMENT_TARGET = 16.0;
				MTL_ENABLE_DEBUG_INFO = INCLUDE_SOURCE;
				MTL_FAST_MATH = YES;
				ONLY_ACTIVE_ARCH = YES;
				SDKROOT = iphoneos;
				SWIFT_ACTIVE_COMPILATION_CONDITIONS = DEBUG;
				SWIFT_OPTIMIZATION_LEVEL = "-Onone";
			};
			name = Debug;
		};
		99FBE2C32A9CADED001F012E /* Release */ = {
			isa = XCBuildConfiguration;
			buildSettings = {
				ALWAYS_SEARCH_USER_PATHS = NO;
				CLANG_ANALYZER_NONNULL = YES;
				CLANG_ANALYZER_NUMBER_OBJECT_CONVERSION = YES_AGGRESSIVE;
				CLANG_CXX_LANGUAGE_STANDARD = "gnu++20";
				CLANG_ENABLE_MODULES = YES;
				CLANG_ENABLE_OBJC_ARC = YES;
				CLANG_ENABLE_OBJC_WEAK = YES;
				CLANG_WARN_BLOCK_CAPTURE_AUTORELEASING = YES;
				CLANG_WARN_BOOL_CONVERSION = YES;
				CLANG_WARN_COMMA = YES;
				CLANG_WARN_CONSTANT_CONVERSION = YES;
				CLANG_WARN_DEPRECATED_OBJC_IMPLEMENTATIONS = YES;
				CLANG_WARN_DIRECT_OBJC_ISA_USAGE = YES_ERROR;
				CLANG_WARN_DOCUMENTATION_COMMENTS = YES;
				CLANG_WARN_EMPTY_BODY = YES;
				CLANG_WARN_ENUM_CONVERSION = YES;
				CLANG_WARN_INFINITE_RECURSION = YES;
				CLANG_WARN_INT_CONVERSION = YES;
				CLANG_WARN_NON_LITERAL_NULL_CONVERSION = YES;
				CLANG_WARN_OBJC_IMPLICIT_RETAIN_SELF = YES;
				CLANG_WARN_OBJC_LITERAL_CONVERSION = YES;
				CLANG_WARN_OBJC_ROOT_CLASS = YES_ERROR;
				CLANG_WARN_QUOTED_INCLUDE_IN_FRAMEWORK_HEADER = YES;
				CLANG_WARN_RANGE_LOOP_ANALYSIS = YES;
				CLANG_WARN_STRICT_PROTOTYPES = YES;
				CLANG_WARN_SUSPICIOUS_MOVE = YES;
				CLANG_WARN_UNGUARDED_AVAILABILITY = YES_AGGRESSIVE;
				CLANG_WARN_UNREACHABLE_CODE = YES;
				CLANG_WARN__DUPLICATE_METHOD_MATCH = YES;
				COPY_PHASE_STRIP = NO;
				DEBUG_INFORMATION_FORMAT = "dwarf-with-dsym";
				ENABLE_NS_ASSERTIONS = NO;
				ENABLE_STRICT_OBJC_MSGSEND = YES;
				ENABLE_USER_SCRIPT_SANDBOXING = YES;
				GCC_C_LANGUAGE_STANDARD = gnu11;
				GCC_NO_COMMON_BLOCKS = YES;
				GCC_WARN_64_TO_32_BIT_CONVERSION = YES;
				GCC_WARN_ABOUT_RETURN_TYPE = YES_ERROR;
				GCC_WARN_UNDECLARED_SELECTOR = YES;
				GCC_WARN_UNINITIALIZED_AUTOS = YES_AGGRESSIVE;
				GCC_WARN_UNUSED_FUNCTION = YES;
				GCC_WARN_UNUSED_VARIABLE = YES;
				IPHONEOS_DEPLOYMENT_TARGET = 16.0;
				MTL_ENABLE_DEBUG_INFO = NO;
				MTL_FAST_MATH = YES;
				SDKROOT = iphoneos;
				SWIFT_COMPILATION_MODE = wholemodule;
				SWIFT_OPTIMIZATION_LEVEL = "-O";
				VALIDATE_PRODUCT = YES;
			};
			name = Release;
		};
		99FBE2C52A9CADED001F012E /* Debug */ = {
			isa = XCBuildConfiguration;
			buildSettings = {
				ALWAYS_EMBED_SWIFT_STANDARD_LIBRARIES = YES;
				ASSETCATALOG_COMPILER_APPICON_NAME = AppIcon;
				ASSETCATALOG_COMPILER_GLOBAL_ACCENT_COLOR_NAME = AccentColor;
				CODE_SIGN_STYLE = Automatic;
				CURRENT_PROJECT_VERSION = 1;
				DEVELOPMENT_ASSET_PATHS = "\"ExpenseTrack/Preview Content\"";
				ENABLE_PREVIEWS = YES;
				GENERATE_INFOPLIST_FILE = YES;
				INFOPLIST_KEY_UIApplicationSceneManifest_Generation = YES;
				INFOPLIST_KEY_UIApplicationSupportsIndirectInputEvents = YES;
				INFOPLIST_KEY_UILaunchScreen_Generation = YES;
				INFOPLIST_KEY_UISupportedInterfaceOrientations_iPad = "UIInterfaceOrientationPortrait UIInterfaceOrientationPortraitUpsideDown UIInterfaceOrientationLandscapeLeft UIInterfaceOrientationLandscapeRight";
				INFOPLIST_KEY_UISupportedInterfaceOrientations_iPhone = "UIInterfaceOrientationPortrait UIInterfaceOrientationLandscapeLeft UIInterfaceOrientationLandscapeRight";
				LD_RUNPATH_SEARCH_PATHS = (
					"$(inherited)",
					"@executable_path/Frameworks",
				);
				MARKETING_VERSION = 1.0;
				PRODUCT_BUNDLE_IDENTIFIER = "A1-s3902328.ExpenseTrack";
				PRODUCT_NAME = "$(TARGET_NAME)";
				SWIFT_EMIT_LOC_STRINGS = YES;
				SWIFT_VERSION = 5.0;
				TARGETED_DEVICE_FAMILY = "1,2";
			};
			name = Debug;
		};
		99FBE2C62A9CADED001F012E /* Release */ = {
			isa = XCBuildConfiguration;
			buildSettings = {
				ALWAYS_EMBED_SWIFT_STANDARD_LIBRARIES = YES;
				ASSETCATALOG_COMPILER_APPICON_NAME = AppIcon;
				ASSETCATALOG_COMPILER_GLOBAL_ACCENT_COLOR_NAME = AccentColor;
				CODE_SIGN_STYLE = Automatic;
				CURRENT_PROJECT_VERSION = 1;
				DEVELOPMENT_ASSET_PATHS = "\"ExpenseTrack/Preview Content\"";
				ENABLE_PREVIEWS = YES;
				GENERATE_INFOPLIST_FILE = YES;
				INFOPLIST_KEY_UIApplicationSceneManifest_Generation = YES;
				INFOPLIST_KEY_UIApplicationSupportsIndirectInputEvents = YES;
				INFOPLIST_KEY_UILaunchScreen_Generation = YES;
				INFOPLIST_KEY_UISupportedInterfaceOrientations_iPad = "UIInterfaceOrientationPortrait UIInterfaceOrientationPortraitUpsideDown UIInterfaceOrientationLandscapeLeft UIInterfaceOrientationLandscapeRight";
				INFOPLIST_KEY_UISupportedInterfaceOrientations_iPhone = "UIInterfaceOrientationPortrait UIInterfaceOrientationLandscapeLeft UIInterfaceOrientationLandscapeRight";
				LD_RUNPATH_SEARCH_PATHS = (
					"$(inherited)",
					"@executable_path/Frameworks",
				);
				MARKETING_VERSION = 1.0;
				PRODUCT_BUNDLE_IDENTIFIER = "A1-s3902328.ExpenseTrack";
				PRODUCT_NAME = "$(TARGET_NAME)";
				SWIFT_EMIT_LOC_STRINGS = YES;
				SWIFT_VERSION = 5.0;
				TARGETED_DEVICE_FAMILY = "1,2";
			};
			name = Release;
		};
		99FBE2C82A9CADED001F012E /* Debug */ = {
			isa = XCBuildConfiguration;
			buildSettings = {
				ALWAYS_EMBED_SWIFT_STANDARD_LIBRARIES = YES;
				BUNDLE_LOADER = "$(TEST_HOST)";
				CODE_SIGN_STYLE = Automatic;
				CURRENT_PROJECT_VERSION = 1;
				GENERATE_INFOPLIST_FILE = YES;
				IPHONEOS_DEPLOYMENT_TARGET = 16.4;
				MARKETING_VERSION = 1.0;
				PRODUCT_BUNDLE_IDENTIFIER = "A1-s3902328.ExpenseTrackTests";
				PRODUCT_NAME = "$(TARGET_NAME)";
				SWIFT_EMIT_LOC_STRINGS = NO;
				SWIFT_VERSION = 5.0;
				TARGETED_DEVICE_FAMILY = "1,2";
				TEST_HOST = "$(BUILT_PRODUCTS_DIR)/ExpenseTrack.app/$(BUNDLE_EXECUTABLE_FOLDER_PATH)/ExpenseTrack";
			};
			name = Debug;
		};
		99FBE2C92A9CADED001F012E /* Release */ = {
			isa = XCBuildConfiguration;
			buildSettings = {
				ALWAYS_EMBED_SWIFT_STANDARD_LIBRARIES = YES;
				BUNDLE_LOADER = "$(TEST_HOST)";
				CODE_SIGN_STYLE = Automatic;
				CURRENT_PROJECT_VERSION = 1;
				GENERATE_INFOPLIST_FILE = YES;
				IPHONEOS_DEPLOYMENT_TARGET = 16.4;
				MARKETING_VERSION = 1.0;
				PRODUCT_BUNDLE_IDENTIFIER = "A1-s3902328.ExpenseTrackTests";
				PRODUCT_NAME = "$(TARGET_NAME)";
				SWIFT_EMIT_LOC_STRINGS = NO;
				SWIFT_VERSION = 5.0;
				TARGETED_DEVICE_FAMILY = "1,2";
				TEST_HOST = "$(BUILT_PRODUCTS_DIR)/ExpenseTrack.app/$(BUNDLE_EXECUTABLE_FOLDER_PATH)/ExpenseTrack";
			};
			name = Release;
		};
		99FBE2CB2A9CADED001F012E /* Debug */ = {
			isa = XCBuildConfiguration;
			buildSettings = {
				ALWAYS_EMBED_SWIFT_STANDARD_LIBRARIES = YES;
				CODE_SIGN_STYLE = Automatic;
				CURRENT_PROJECT_VERSION = 1;
				GENERATE_INFOPLIST_FILE = YES;
				MARKETING_VERSION = 1.0;
				PRODUCT_BUNDLE_IDENTIFIER = "A1-s3902328.ExpenseTrackUITests";
				PRODUCT_NAME = "$(TARGET_NAME)";
				SWIFT_EMIT_LOC_STRINGS = NO;
				SWIFT_VERSION = 5.0;
				TARGETED_DEVICE_FAMILY = "1,2";
				TEST_TARGET_NAME = ExpenseTrack;
			};
			name = Debug;
		};
		99FBE2CC2A9CADED001F012E /* Release */ = {
			isa = XCBuildConfiguration;
			buildSettings = {
				ALWAYS_EMBED_SWIFT_STANDARD_LIBRARIES = YES;
				CODE_SIGN_STYLE = Automatic;
				CURRENT_PROJECT_VERSION = 1;
				GENERATE_INFOPLIST_FILE = YES;
				MARKETING_VERSION = 1.0;
				PRODUCT_BUNDLE_IDENTIFIER = "A1-s3902328.ExpenseTrackUITests";
				PRODUCT_NAME = "$(TARGET_NAME)";
				SWIFT_EMIT_LOC_STRINGS = NO;
				SWIFT_VERSION = 5.0;
				TARGETED_DEVICE_FAMILY = "1,2";
				TEST_TARGET_NAME = ExpenseTrack;
			};
			name = Release;
		};
/* End XCBuildConfiguration section */

/* Begin XCConfigurationList section */
		998CCA4F2ADBED5F0027BA0F /* Build configuration list for PBXNativeTarget "ExpenseSummaryWidgetExtension" */ = {
			isa = XCConfigurationList;
			buildConfigurations = (
				998CCA502ADBED5F0027BA0F /* Debug */,
				998CCA512ADBED5F0027BA0F /* Release */,
			);
			defaultConfigurationIsVisible = 0;
			defaultConfigurationName = Release;
		};
		99FBE29B2A9CADEB001F012E /* Build configuration list for PBXProject "ExpenseTrack" */ = {
			isa = XCConfigurationList;
			buildConfigurations = (
				99FBE2C22A9CADED001F012E /* Debug */,
				99FBE2C32A9CADED001F012E /* Release */,
			);
			defaultConfigurationIsVisible = 0;
			defaultConfigurationName = Release;
		};
		99FBE2C42A9CADED001F012E /* Build configuration list for PBXNativeTarget "ExpenseTrack" */ = {
			isa = XCConfigurationList;
			buildConfigurations = (
				99FBE2C52A9CADED001F012E /* Debug */,
				99FBE2C62A9CADED001F012E /* Release */,
			);
			defaultConfigurationIsVisible = 0;
			defaultConfigurationName = Release;
		};
		99FBE2C72A9CADED001F012E /* Build configuration list for PBXNativeTarget "ExpenseTrackTests" */ = {
			isa = XCConfigurationList;
			buildConfigurations = (
				99FBE2C82A9CADED001F012E /* Debug */,
				99FBE2C92A9CADED001F012E /* Release */,
			);
			defaultConfigurationIsVisible = 0;
			defaultConfigurationName = Release;
		};
		99FBE2CA2A9CADED001F012E /* Build configuration list for PBXNativeTarget "ExpenseTrackUITests" */ = {
			isa = XCConfigurationList;
			buildConfigurations = (
				99FBE2CB2A9CADED001F012E /* Debug */,
				99FBE2CC2A9CADED001F012E /* Release */,
			);
			defaultConfigurationIsVisible = 0;
			defaultConfigurationName = Release;
		};
/* End XCConfigurationList section */

/* Begin XCVersionGroup section */
		998CCA252ADB7D4E0027BA0F /* ExpenseTrack.xcdatamodeld */ = {
			isa = XCVersionGroup;
			children = (
				998CCA262ADB7D4E0027BA0F /* ExpenseTrack.xcdatamodel */,
			);
			currentVersion = 998CCA262ADB7D4E0027BA0F /* ExpenseTrack.xcdatamodel */;
			path = ExpenseTrack.xcdatamodeld;
			sourceTree = "<group>";
			versionGroupType = wrapper.xcdatamodel;
		};
/* End XCVersionGroup section */
	};
	rootObject = 99FBE2982A9CADEB001F012E /* Project object */;
}
